uuid: 4f077ae3-6e2f-4c45-86f0-ee38ead3d74f
langcode: en
status: true
dependencies:
  config:
    - views.view.header_alerts
  module:
    - views
  theme:
    - openy_rose
_core:
  default_config_hash: y2R6z7vwuj3cTL4WQZG85F6KGtAjE0EtoVUyRHoe3Uo
id: openy_rose_views_block__header_alerts_header_alerts_block
theme: openy_rose
region: header
weight: -6
provider: null
plugin: 'views_block:header_alerts-header_alerts_block'
settings:
  id: 'views_block:header_alerts-header_alerts_block'
  label: ''
  provider: views
  label_display: '0'
  views_label: ''
  items_per_page: none
visibility: {  }
