uuid: c87ad2d9-e4cd-48fd-9d0a-08908f7d75ff
langcode: en
status: true
dependencies:
  config:
    - views.view.header_alerts
  module:
    - system
    - views
  theme:
    - ymca_seattle
_core:
  default_config_hash: UK6_ELfoAgNeUJoh0EnwPd8y_Pp0w18Ss3xcEGEg3Hg
id: footer_alerts_block
theme: ymca_seattle
region: pre_footer
weight: -5
provider: null
plugin: 'views_block:header_alerts-footer_alerts_block'
settings:
  id: 'views_block:header_alerts-footer_alerts_block'
  label: ''
  provider: views
  label_display: '0'
  views_label: ''
  items_per_page: none
visibility:
  request_path:
    id: request_path
    pages: '<front>'
    negate: false
    context_mapping: {  }
